Microsoft Visual Studio Solution File, Format Version 12.00
# Visual Studio Version 17
VisualStudioVersion = 17.2.32526.322
MinimumVisualStudioVersion = 10.0.40219.1
Project("{9A19103F-16F7-4668-BE54-9A1E7A4F7556}") = "Verse3.Workspace", "Verse3\Verse3.Workspace.csproj", "{6798D456-CCB9-4FAA-9308-F6229C44189D}"
EndProject
Project("{9A19103F-16F7-4668-BE54-9A1E7A4F7556}") = "Verse3.InfiniteCanvas", "InfiniteCanvas\Verse3.InfiniteCanvas.csproj", "{E879CA82-E223-435E-8D2E-D54BB5902CAA}"
EndProject
Project("{9A19103F-16F7-4668-BE54-9A1E7A4F7556}") = "Verse3.Core", "Core\Verse3.Core.csproj", "{C506AF17-1CB7-44E1-AFD2-E4C229300036}"
EndProject
Project("{2150E333-8FDC-42A3-9474-1A3956D46DE8}") = "Solution Items", "Solution Items", "{3A33BA94-FD7F-498B-BDC5-0019D9A25C19}"
	ProjectSection(SolutionItems) = preProject
		.editorconfig = .editorconfig
	EndProjectSection
EndProject
Project("{9A19103F-16F7-4668-BE54-9A1E7A4F7556}") = "Verse3.MathLibrary", "MathLibrary\Verse3.MathLibrary.csproj", "{875B3719-44C6-49C0-979B-04C3E62B77CE}"
EndProject
Project("{9A19103F-16F7-4668-BE54-9A1E7A4F7556}") = "Verse3.CanvasElements", "CanvasElements\Verse3.CanvasElements.csproj", "{F937B28E-7528-4A7B-9A81-3F9C824FAFB6}"
EndProject
Project("{9A19103F-16F7-4668-BE54-9A1E7A4F7556}") = "Verse3.BooleanLibrary", "BooleanElements\Verse3.BooleanLibrary.csproj", "{860D1F6C-91A0-4052-BADF-E3DCCE50068F}"
EndProject
Project("{2150E333-8FDC-42A3-9474-1A3956D46DE8}") = "Libraries", "Libraries", "{7BC84CD5-7B85-4EB7-9AF1-FBDFCC202032}"
EndProject
Project("{9A19103F-16F7-4668-BE54-9A1E7A4F7556}") = "Verse3.EventsLibrary", "EventsLibrary\Verse3.EventsLibrary.csproj", "{0B040E66-5520-4084-91B2-32FD8FE02ED4}"
EndProject
Project("{9A19103F-16F7-4668-BE54-9A1E7A4F7556}") = "Verse3.TextLibrary", "TextLibrary\Verse3.TextLibrary.csproj", "{2CF87B26-905A-44DC-93F4-C355DC5FBF10}"
EndProject
Project("{9A19103F-16F7-4668-BE54-9A1E7A4F7556}") = "Verse3.CodeLibrary", "CodeLibrary\Verse3.CodeLibrary.csproj", "{3BAEC9A5-8B04-40A2-AF04-8CC30D31E4A6}"
EndProject
Project("{9A19103F-16F7-4668-BE54-9A1E7A4F7556}") = "Verse3.CoreInterop", "CoreInterop\Verse3.CoreInterop.csproj", "{27BB1A41-4017-49E4-BA7A-106682FF3B93}"
EndProject
Project("{9A19103F-16F7-4668-BE54-9A1E7A4F7556}") = "Verse3.InteropLibrary", "InteropLibrary\Verse3.InteropLibrary.csproj", "{236CA088-BAEB-4C9B-966F-F57C5CC236E3}"
EndProject
Project("{9A19103F-16F7-4668-BE54-9A1E7A4F7556}") = "Verse3.Rhino3DMLibrary", "Rhino3DMLibrary\Verse3.Rhino3DMLibrary.csproj", "{AE1CB95C-A5AE-498F-855E-840CD4960CC0}"
EndProject
Project("{9A19103F-16F7-4668-BE54-9A1E7A4F7556}") = "Verse3.DateTimeLibrary", "DateTimeLibrary\Verse3.DateTimeLibrary.csproj", "{A4CBD12B-D997-48BB-B287-5D61D2696F44}"
EndProject
Project("{9A19103F-16F7-4668-BE54-9A1E7A4F7556}") = "Verse3.ColorLibrary", "ColorLibrary\Verse3.ColorLibrary.csproj", "{0F9F65AB-92D3-43AB-9F4B-AFF1F7A7BA2C}"
EndProject
Project("{9A19103F-16F7-4668-BE54-9A1E7A4F7556}") = "Verse3.TypeLibrary", "TypeLibrary\Verse3.TypeLibrary.csproj", "{1F812670-C342-420E-907F-1A50518D6A43}"
EndProject
Project("{9A19103F-16F7-4668-BE54-9A1E7A4F7556}") = "Verse3.RESTLibrary", "RESTLibrary\Verse3.RESTLibrary.csproj", "{FAB89886-27C8-4EA7-972C-0E8050850A49}"
EndProject
Project("{9A19103F-16F7-4668-BE54-9A1E7A4F7556}") = "Verse3TemplateLibrary", "Verse3TemplateLibrary\Verse3TemplateLibrary.csproj", "{5923B668-A685-459D-B3B8-3B6ED44D592A}"
EndProject
Project("{54435603-DBB4-11D2-8724-00A0C9A8B90C}") = "Setup_Win64", "Setup_Win64\Setup_Win64.vdproj", "{10796B5F-52A8-4F2D-AD5E-524092D7D2B3}"
EndProject
Project("{54435603-DBB4-11D2-8724-00A0C9A8B90C}") = "SetupVerse3_Win64", "SetupVerse3_Win64\SetupVerse3_Win64.vdproj", "{91E74A5D-274D-4D95-BE45-A00855D83445}"
EndProject
Project("{9A19103F-16F7-4668-BE54-9A1E7A4F7556}") = "Verse3.IntegerLibrary", "IntegerLibrary\Verse3.IntegerLibrary.csproj", "{7F885DF2-0BBE-44D4-BF45-1E1FC1A709F1}"
EndProject
Project("{9A19103F-16F7-4668-BE54-9A1E7A4F7556}") = "GKYU.TranslationLibrary", "TranslationLibrary\GKYU.TranslationLibrary.csproj", "{D5A665E6-7454-497D-A411-CEA7956342DE}"
EndProject
Project("{2150E333-8FDC-42A3-9474-1A3956D46DE8}") = "TurboTools", "TurboTools", "{74ABBE25-B0E2-4075-95FF-B0CD1BE43978}"
EndProject
Project("{9A19103F-16F7-4668-BE54-9A1E7A4F7556}") = "GKYU.CoreLibrary", "TurboTools\GKYU.CoreLibrary\GKYU.CoreLibrary.csproj", "{772D24E9-79B5-4A1E-8ECC-F0DB432C08F1}"
EndProject
Project("{9A19103F-16F7-4668-BE54-9A1E7A4F7556}") = "GKYU.CollectionsLibrary", "TurboTools\GKYU.CollectionsLibrary\GKYU.CollectionsLibrary.csproj", "{BBD60171-1785-4036-B0DF-D66C16E1E6E8}"
EndProject
Project("{9A19103F-16F7-4668-BE54-9A1E7A4F7556}") = "GKYU.MathematicsLibrary", "TurboTools\GKYU.MathematicsLibrary\GKYU.MathematicsLibrary.csproj", "{7E29551E-EDB1-4B48-A582-EBC95A3DC8CD}"
EndProject
Project("{9A19103F-16F7-4668-BE54-9A1E7A4F7556}") = "GKYU.BusinessLogicLibrary", "TurboTools\GKYU.BusinessLogicLibrary\GKYU.BusinessLogicLibrary.csproj", "{A1A1F4CA-44DC-440F-A7D2-905D87F9AEF7}"
EndProject
Project("{9A19103F-16F7-4668-BE54-9A1E7A4F7556}") = "GKYU.ExtensionCoreLibrary", "TurboTools\GKYU.ExtensionCoreLibrary\GKYU.ExtensionCoreLibrary.csproj", "{FEF8FD38-F364-40EB-9C63-1B49068341D1}"
EndProject
Project("{9A19103F-16F7-4668-BE54-9A1E7A4F7556}") = "GKYU.PresentationCoreLibrary", "TurboTools\GKYU.PresentationCoreLibrary\GKYU.PresentationCoreLibrary.csproj", "{1BC6E621-FC37-4547-8D9C-03ED44490850}"
EndProject
Project("{9A19103F-16F7-4668-BE54-9A1E7A4F7556}") = "GKYU.PresentationLogicLibrary", "TurboTools\GKYU.PresentationLogicLibrary\GKYU.PresentationLogicLibrary.csproj", "{CBB0FFF5-5A38-435E-8741-58A516600A1C}"
EndProject
Project("{9A19103F-16F7-4668-BE54-9A1E7A4F7556}") = "GKYU.TranslationLibrary", "TurboTools\GKYU.TranslationLibrary\GKYU.TranslationLibrary.csproj", "{746D67C2-22D8-4798-9356-7056FAC1C293}"
EndProject
Project("{9A19103F-16F7-4668-BE54-9A1E7A4F7556}") = "GKYU.StateMachinesLibrary", "TurboTools\GKYU.StateMachinesLibrary\GKYU.StateMachinesLibrary.csproj", "{1D556EE7-52E7-4850-8226-0393DAC99976}"
EndProject
Project("{9A19103F-16F7-4668-BE54-9A1E7A4F7556}") = "Verse3.CorePresentation", "CorePresentation\Verse3.CorePresentation.csproj", "{B960B48B-52F8-4557-B9EC-F3D4C67106D9}"
EndProject
Global
	GlobalSection(SolutionConfigurationPlatforms) = preSolution
		Debug|Any CPU = Debug|Any CPU
		Debug|x64 = Debug|x64
		Debug|x86 = Debug|x86
		Release|Any CPU = Release|Any CPU
		Release|x64 = Release|x64
		Release|x86 = Release|x86
	EndGlobalSection
	GlobalSection(ProjectConfigurationPlatforms) = postSolution
		{6798D456-CCB9-4FAA-9308-F6229C44189D}.Debug|Any CPU.ActiveCfg = Debug|Any CPU
		{6798D456-CCB9-4FAA-9308-F6229C44189D}.Debug|Any CPU.Build.0 = Debug|Any CPU
		{6798D456-CCB9-4FAA-9308-F6229C44189D}.Debug|x64.ActiveCfg = Debug|x64
		{6798D456-CCB9-4FAA-9308-F6229C44189D}.Debug|x64.Build.0 = Debug|x64
		{6798D456-CCB9-4FAA-9308-F6229C44189D}.Debug|x86.ActiveCfg = Debug|Any CPU
		{6798D456-CCB9-4FAA-9308-F6229C44189D}.Debug|x86.Build.0 = Debug|Any CPU
		{6798D456-CCB9-4FAA-9308-F6229C44189D}.Release|Any CPU.ActiveCfg = Release|Any CPU
		{6798D456-CCB9-4FAA-9308-F6229C44189D}.Release|Any CPU.Build.0 = Release|Any CPU
		{6798D456-CCB9-4FAA-9308-F6229C44189D}.Release|x64.ActiveCfg = Release|x64
		{6798D456-CCB9-4FAA-9308-F6229C44189D}.Release|x64.Build.0 = Release|x64
		{6798D456-CCB9-4FAA-9308-F6229C44189D}.Release|x86.ActiveCfg = Release|Any CPU
		{6798D456-CCB9-4FAA-9308-F6229C44189D}.Release|x86.Build.0 = Release|Any CPU
		{E879CA82-E223-435E-8D2E-D54BB5902CAA}.Debug|Any CPU.ActiveCfg = Debug|Any CPU
		{E879CA82-E223-435E-8D2E-D54BB5902CAA}.Debug|Any CPU.Build.0 = Debug|Any CPU
		{E879CA82-E223-435E-8D2E-D54BB5902CAA}.Debug|x64.ActiveCfg = Debug|x64
		{E879CA82-E223-435E-8D2E-D54BB5902CAA}.Debug|x64.Build.0 = Debug|x64
		{E879CA82-E223-435E-8D2E-D54BB5902CAA}.Debug|x86.ActiveCfg = Debug|Any CPU
		{E879CA82-E223-435E-8D2E-D54BB5902CAA}.Debug|x86.Build.0 = Debug|Any CPU
		{E879CA82-E223-435E-8D2E-D54BB5902CAA}.Release|Any CPU.ActiveCfg = Release|Any CPU
		{E879CA82-E223-435E-8D2E-D54BB5902CAA}.Release|Any CPU.Build.0 = Release|Any CPU
		{E879CA82-E223-435E-8D2E-D54BB5902CAA}.Release|x64.ActiveCfg = Release|x64
		{E879CA82-E223-435E-8D2E-D54BB5902CAA}.Release|x64.Build.0 = Release|x64
		{E879CA82-E223-435E-8D2E-D54BB5902CAA}.Release|x86.ActiveCfg = Release|Any CPU
		{E879CA82-E223-435E-8D2E-D54BB5902CAA}.Release|x86.Build.0 = Release|Any CPU
		{C506AF17-1CB7-44E1-AFD2-E4C229300036}.Debug|Any CPU.ActiveCfg = Debug|Any CPU
		{C506AF17-1CB7-44E1-AFD2-E4C229300036}.Debug|Any CPU.Build.0 = Debug|Any CPU
		{C506AF17-1CB7-44E1-AFD2-E4C229300036}.Debug|x64.ActiveCfg = Debug|x64
		{C506AF17-1CB7-44E1-AFD2-E4C229300036}.Debug|x64.Build.0 = Debug|x64
		{C506AF17-1CB7-44E1-AFD2-E4C229300036}.Debug|x86.ActiveCfg = Debug|Any CPU
		{C506AF17-1CB7-44E1-AFD2-E4C229300036}.Debug|x86.Build.0 = Debug|Any CPU
		{C506AF17-1CB7-44E1-AFD2-E4C229300036}.Release|Any CPU.ActiveCfg = Release|Any CPU
		{C506AF17-1CB7-44E1-AFD2-E4C229300036}.Release|Any CPU.Build.0 = Release|Any CPU
		{C506AF17-1CB7-44E1-AFD2-E4C229300036}.Release|x64.ActiveCfg = Release|x64
		{C506AF17-1CB7-44E1-AFD2-E4C229300036}.Release|x64.Build.0 = Release|x64
		{C506AF17-1CB7-44E1-AFD2-E4C229300036}.Release|x86.ActiveCfg = Release|Any CPU
		{C506AF17-1CB7-44E1-AFD2-E4C229300036}.Release|x86.Build.0 = Release|Any CPU
		{875B3719-44C6-49C0-979B-04C3E62B77CE}.Debug|Any CPU.ActiveCfg = Debug|Any CPU
		{875B3719-44C6-49C0-979B-04C3E62B77CE}.Debug|Any CPU.Build.0 = Debug|Any CPU
		{875B3719-44C6-49C0-979B-04C3E62B77CE}.Debug|x64.ActiveCfg = Debug|x64
		{875B3719-44C6-49C0-979B-04C3E62B77CE}.Debug|x64.Build.0 = Debug|x64
		{875B3719-44C6-49C0-979B-04C3E62B77CE}.Debug|x86.ActiveCfg = Debug|Any CPU
		{875B3719-44C6-49C0-979B-04C3E62B77CE}.Debug|x86.Build.0 = Debug|Any CPU
		{875B3719-44C6-49C0-979B-04C3E62B77CE}.Release|Any CPU.ActiveCfg = Release|Any CPU
		{875B3719-44C6-49C0-979B-04C3E62B77CE}.Release|Any CPU.Build.0 = Release|Any CPU
		{875B3719-44C6-49C0-979B-04C3E62B77CE}.Release|x64.ActiveCfg = Release|x64
		{875B3719-44C6-49C0-979B-04C3E62B77CE}.Release|x64.Build.0 = Release|x64
		{875B3719-44C6-49C0-979B-04C3E62B77CE}.Release|x86.ActiveCfg = Release|Any CPU
		{875B3719-44C6-49C0-979B-04C3E62B77CE}.Release|x86.Build.0 = Release|Any CPU
		{F937B28E-7528-4A7B-9A81-3F9C824FAFB6}.Debug|Any CPU.ActiveCfg = Debug|Any CPU
		{F937B28E-7528-4A7B-9A81-3F9C824FAFB6}.Debug|Any CPU.Build.0 = Debug|Any CPU
		{F937B28E-7528-4A7B-9A81-3F9C824FAFB6}.Debug|x64.ActiveCfg = Debug|x64
		{F937B28E-7528-4A7B-9A81-3F9C824FAFB6}.Debug|x64.Build.0 = Debug|x64
		{F937B28E-7528-4A7B-9A81-3F9C824FAFB6}.Debug|x86.ActiveCfg = Debug|Any CPU
		{F937B28E-7528-4A7B-9A81-3F9C824FAFB6}.Debug|x86.Build.0 = Debug|Any CPU
		{F937B28E-7528-4A7B-9A81-3F9C824FAFB6}.Release|Any CPU.ActiveCfg = Release|Any CPU
		{F937B28E-7528-4A7B-9A81-3F9C824FAFB6}.Release|Any CPU.Build.0 = Release|Any CPU
		{F937B28E-7528-4A7B-9A81-3F9C824FAFB6}.Release|x64.ActiveCfg = Release|x64
		{F937B28E-7528-4A7B-9A81-3F9C824FAFB6}.Release|x64.Build.0 = Release|x64
		{F937B28E-7528-4A7B-9A81-3F9C824FAFB6}.Release|x86.ActiveCfg = Release|Any CPU
		{F937B28E-7528-4A7B-9A81-3F9C824FAFB6}.Release|x86.Build.0 = Release|Any CPU
		{860D1F6C-91A0-4052-BADF-E3DCCE50068F}.Debug|Any CPU.ActiveCfg = Debug|Any CPU
		{860D1F6C-91A0-4052-BADF-E3DCCE50068F}.Debug|Any CPU.Build.0 = Debug|Any CPU
		{860D1F6C-91A0-4052-BADF-E3DCCE50068F}.Debug|x64.ActiveCfg = Debug|x64
		{860D1F6C-91A0-4052-BADF-E3DCCE50068F}.Debug|x64.Build.0 = Debug|x64
		{860D1F6C-91A0-4052-BADF-E3DCCE50068F}.Debug|x86.ActiveCfg = Debug|Any CPU
		{860D1F6C-91A0-4052-BADF-E3DCCE50068F}.Debug|x86.Build.0 = Debug|Any CPU
		{860D1F6C-91A0-4052-BADF-E3DCCE50068F}.Release|Any CPU.ActiveCfg = Release|Any CPU
		{860D1F6C-91A0-4052-BADF-E3DCCE50068F}.Release|Any CPU.Build.0 = Release|Any CPU
		{860D1F6C-91A0-4052-BADF-E3DCCE50068F}.Release|x64.ActiveCfg = Release|x64
		{860D1F6C-91A0-4052-BADF-E3DCCE50068F}.Release|x64.Build.0 = Release|x64
		{860D1F6C-91A0-4052-BADF-E3DCCE50068F}.Release|x86.ActiveCfg = Release|Any CPU
		{860D1F6C-91A0-4052-BADF-E3DCCE50068F}.Release|x86.Build.0 = Release|Any CPU
		{0B040E66-5520-4084-91B2-32FD8FE02ED4}.Debug|Any CPU.ActiveCfg = Debug|Any CPU
		{0B040E66-5520-4084-91B2-32FD8FE02ED4}.Debug|Any CPU.Build.0 = Debug|Any CPU
		{0B040E66-5520-4084-91B2-32FD8FE02ED4}.Debug|x64.ActiveCfg = Debug|x64
		{0B040E66-5520-4084-91B2-32FD8FE02ED4}.Debug|x64.Build.0 = Debug|x64
		{0B040E66-5520-4084-91B2-32FD8FE02ED4}.Debug|x86.ActiveCfg = Debug|Any CPU
		{0B040E66-5520-4084-91B2-32FD8FE02ED4}.Debug|x86.Build.0 = Debug|Any CPU
		{0B040E66-5520-4084-91B2-32FD8FE02ED4}.Release|Any CPU.ActiveCfg = Release|Any CPU
		{0B040E66-5520-4084-91B2-32FD8FE02ED4}.Release|Any CPU.Build.0 = Release|Any CPU
		{0B040E66-5520-4084-91B2-32FD8FE02ED4}.Release|x64.ActiveCfg = Release|x64
		{0B040E66-5520-4084-91B2-32FD8FE02ED4}.Release|x64.Build.0 = Release|x64
		{0B040E66-5520-4084-91B2-32FD8FE02ED4}.Release|x86.ActiveCfg = Release|Any CPU
		{0B040E66-5520-4084-91B2-32FD8FE02ED4}.Release|x86.Build.0 = Release|Any CPU
		{2CF87B26-905A-44DC-93F4-C355DC5FBF10}.Debug|Any CPU.ActiveCfg = Debug|Any CPU
		{2CF87B26-905A-44DC-93F4-C355DC5FBF10}.Debug|Any CPU.Build.0 = Debug|Any CPU
		{2CF87B26-905A-44DC-93F4-C355DC5FBF10}.Debug|x64.ActiveCfg = Debug|x64
		{2CF87B26-905A-44DC-93F4-C355DC5FBF10}.Debug|x64.Build.0 = Debug|x64
		{2CF87B26-905A-44DC-93F4-C355DC5FBF10}.Debug|x86.ActiveCfg = Debug|Any CPU
		{2CF87B26-905A-44DC-93F4-C355DC5FBF10}.Debug|x86.Build.0 = Debug|Any CPU
		{2CF87B26-905A-44DC-93F4-C355DC5FBF10}.Release|Any CPU.ActiveCfg = Release|Any CPU
		{2CF87B26-905A-44DC-93F4-C355DC5FBF10}.Release|Any CPU.Build.0 = Release|Any CPU
		{2CF87B26-905A-44DC-93F4-C355DC5FBF10}.Release|x64.ActiveCfg = Release|x64
		{2CF87B26-905A-44DC-93F4-C355DC5FBF10}.Release|x64.Build.0 = Release|x64
		{2CF87B26-905A-44DC-93F4-C355DC5FBF10}.Release|x86.ActiveCfg = Release|Any CPU
		{2CF87B26-905A-44DC-93F4-C355DC5FBF10}.Release|x86.Build.0 = Release|Any CPU
		{3BAEC9A5-8B04-40A2-AF04-8CC30D31E4A6}.Debug|Any CPU.ActiveCfg = Debug|Any CPU
		{3BAEC9A5-8B04-40A2-AF04-8CC30D31E4A6}.Debug|Any CPU.Build.0 = Debug|Any CPU
		{3BAEC9A5-8B04-40A2-AF04-8CC30D31E4A6}.Debug|x64.ActiveCfg = Debug|x64
		{3BAEC9A5-8B04-40A2-AF04-8CC30D31E4A6}.Debug|x64.Build.0 = Debug|x64
		{3BAEC9A5-8B04-40A2-AF04-8CC30D31E4A6}.Debug|x86.ActiveCfg = Debug|Any CPU
		{3BAEC9A5-8B04-40A2-AF04-8CC30D31E4A6}.Debug|x86.Build.0 = Debug|Any CPU
		{3BAEC9A5-8B04-40A2-AF04-8CC30D31E4A6}.Release|Any CPU.ActiveCfg = Release|Any CPU
		{3BAEC9A5-8B04-40A2-AF04-8CC30D31E4A6}.Release|Any CPU.Build.0 = Release|Any CPU
		{3BAEC9A5-8B04-40A2-AF04-8CC30D31E4A6}.Release|x64.ActiveCfg = Release|x64
		{3BAEC9A5-8B04-40A2-AF04-8CC30D31E4A6}.Release|x64.Build.0 = Release|x64
		{3BAEC9A5-8B04-40A2-AF04-8CC30D31E4A6}.Release|x86.ActiveCfg = Release|Any CPU
		{3BAEC9A5-8B04-40A2-AF04-8CC30D31E4A6}.Release|x86.Build.0 = Release|Any CPU
		{27BB1A41-4017-49E4-BA7A-106682FF3B93}.Debug|Any CPU.ActiveCfg = Debug|Any CPU
		{27BB1A41-4017-49E4-BA7A-106682FF3B93}.Debug|Any CPU.Build.0 = Debug|Any CPU
		{27BB1A41-4017-49E4-BA7A-106682FF3B93}.Debug|x64.ActiveCfg = Debug|x64
		{27BB1A41-4017-49E4-BA7A-106682FF3B93}.Debug|x64.Build.0 = Debug|x64
		{27BB1A41-4017-49E4-BA7A-106682FF3B93}.Debug|x86.ActiveCfg = Debug|Any CPU
		{27BB1A41-4017-49E4-BA7A-106682FF3B93}.Debug|x86.Build.0 = Debug|Any CPU
		{27BB1A41-4017-49E4-BA7A-106682FF3B93}.Release|Any CPU.ActiveCfg = Release|Any CPU
		{27BB1A41-4017-49E4-BA7A-106682FF3B93}.Release|Any CPU.Build.0 = Release|Any CPU
		{27BB1A41-4017-49E4-BA7A-106682FF3B93}.Release|x64.ActiveCfg = Release|x64
		{27BB1A41-4017-49E4-BA7A-106682FF3B93}.Release|x64.Build.0 = Release|x64
		{27BB1A41-4017-49E4-BA7A-106682FF3B93}.Release|x86.ActiveCfg = Release|Any CPU
		{27BB1A41-4017-49E4-BA7A-106682FF3B93}.Release|x86.Build.0 = Release|Any CPU
		{236CA088-BAEB-4C9B-966F-F57C5CC236E3}.Debug|Any CPU.ActiveCfg = Debug|Any CPU
		{236CA088-BAEB-4C9B-966F-F57C5CC236E3}.Debug|Any CPU.Build.0 = Debug|Any CPU
		{236CA088-BAEB-4C9B-966F-F57C5CC236E3}.Debug|x64.ActiveCfg = Debug|x64
		{236CA088-BAEB-4C9B-966F-F57C5CC236E3}.Debug|x64.Build.0 = Debug|x64
		{236CA088-BAEB-4C9B-966F-F57C5CC236E3}.Debug|x86.ActiveCfg = Debug|Any CPU
		{236CA088-BAEB-4C9B-966F-F57C5CC236E3}.Debug|x86.Build.0 = Debug|Any CPU
		{236CA088-BAEB-4C9B-966F-F57C5CC236E3}.Release|Any CPU.ActiveCfg = Release|Any CPU
		{236CA088-BAEB-4C9B-966F-F57C5CC236E3}.Release|Any CPU.Build.0 = Release|Any CPU
		{236CA088-BAEB-4C9B-966F-F57C5CC236E3}.Release|x64.ActiveCfg = Release|x64
		{236CA088-BAEB-4C9B-966F-F57C5CC236E3}.Release|x64.Build.0 = Release|x64
		{236CA088-BAEB-4C9B-966F-F57C5CC236E3}.Release|x86.ActiveCfg = Release|Any CPU
		{236CA088-BAEB-4C9B-966F-F57C5CC236E3}.Release|x86.Build.0 = Release|Any CPU
		{AE1CB95C-A5AE-498F-855E-840CD4960CC0}.Debug|Any CPU.ActiveCfg = Debug|Any CPU
		{AE1CB95C-A5AE-498F-855E-840CD4960CC0}.Debug|Any CPU.Build.0 = Debug|Any CPU
		{AE1CB95C-A5AE-498F-855E-840CD4960CC0}.Debug|x64.ActiveCfg = Debug|x64
		{AE1CB95C-A5AE-498F-855E-840CD4960CC0}.Debug|x64.Build.0 = Debug|x64
		{AE1CB95C-A5AE-498F-855E-840CD4960CC0}.Debug|x86.ActiveCfg = Debug|Any CPU
		{AE1CB95C-A5AE-498F-855E-840CD4960CC0}.Debug|x86.Build.0 = Debug|Any CPU
		{AE1CB95C-A5AE-498F-855E-840CD4960CC0}.Release|Any CPU.ActiveCfg = Release|Any CPU
		{AE1CB95C-A5AE-498F-855E-840CD4960CC0}.Release|Any CPU.Build.0 = Release|Any CPU
		{AE1CB95C-A5AE-498F-855E-840CD4960CC0}.Release|x64.ActiveCfg = Release|x64
		{AE1CB95C-A5AE-498F-855E-840CD4960CC0}.Release|x64.Build.0 = Release|x64
		{AE1CB95C-A5AE-498F-855E-840CD4960CC0}.Release|x86.ActiveCfg = Release|Any CPU
		{AE1CB95C-A5AE-498F-855E-840CD4960CC0}.Release|x86.Build.0 = Release|Any CPU
		{A4CBD12B-D997-48BB-B287-5D61D2696F44}.Debug|Any CPU.ActiveCfg = Debug|Any CPU
		{A4CBD12B-D997-48BB-B287-5D61D2696F44}.Debug|Any CPU.Build.0 = Debug|Any CPU
		{A4CBD12B-D997-48BB-B287-5D61D2696F44}.Debug|x64.ActiveCfg = Debug|x64
		{A4CBD12B-D997-48BB-B287-5D61D2696F44}.Debug|x64.Build.0 = Debug|x64
		{A4CBD12B-D997-48BB-B287-5D61D2696F44}.Debug|x86.ActiveCfg = Debug|Any CPU
		{A4CBD12B-D997-48BB-B287-5D61D2696F44}.Debug|x86.Build.0 = Debug|Any CPU
		{A4CBD12B-D997-48BB-B287-5D61D2696F44}.Release|Any CPU.ActiveCfg = Release|Any CPU
		{A4CBD12B-D997-48BB-B287-5D61D2696F44}.Release|Any CPU.Build.0 = Release|Any CPU
		{A4CBD12B-D997-48BB-B287-5D61D2696F44}.Release|x64.ActiveCfg = Release|x64
		{A4CBD12B-D997-48BB-B287-5D61D2696F44}.Release|x64.Build.0 = Release|x64
		{A4CBD12B-D997-48BB-B287-5D61D2696F44}.Release|x86.ActiveCfg = Release|Any CPU
		{A4CBD12B-D997-48BB-B287-5D61D2696F44}.Release|x86.Build.0 = Release|Any CPU
		{0F9F65AB-92D3-43AB-9F4B-AFF1F7A7BA2C}.Debug|Any CPU.ActiveCfg = Debug|Any CPU
		{0F9F65AB-92D3-43AB-9F4B-AFF1F7A7BA2C}.Debug|Any CPU.Build.0 = Debug|Any CPU
		{0F9F65AB-92D3-43AB-9F4B-AFF1F7A7BA2C}.Debug|x64.ActiveCfg = Debug|x64
		{0F9F65AB-92D3-43AB-9F4B-AFF1F7A7BA2C}.Debug|x64.Build.0 = Debug|x64
		{0F9F65AB-92D3-43AB-9F4B-AFF1F7A7BA2C}.Debug|x86.ActiveCfg = Debug|Any CPU
		{0F9F65AB-92D3-43AB-9F4B-AFF1F7A7BA2C}.Debug|x86.Build.0 = Debug|Any CPU
		{0F9F65AB-92D3-43AB-9F4B-AFF1F7A7BA2C}.Release|Any CPU.ActiveCfg = Release|Any CPU
		{0F9F65AB-92D3-43AB-9F4B-AFF1F7A7BA2C}.Release|Any CPU.Build.0 = Release|Any CPU
		{0F9F65AB-92D3-43AB-9F4B-AFF1F7A7BA2C}.Release|x64.ActiveCfg = Release|x64
		{0F9F65AB-92D3-43AB-9F4B-AFF1F7A7BA2C}.Release|x64.Build.0 = Release|x64
		{0F9F65AB-92D3-43AB-9F4B-AFF1F7A7BA2C}.Release|x86.ActiveCfg = Release|Any CPU
		{0F9F65AB-92D3-43AB-9F4B-AFF1F7A7BA2C}.Release|x86.Build.0 = Release|Any CPU
		{1F812670-C342-420E-907F-1A50518D6A43}.Debug|Any CPU.ActiveCfg = Debug|Any CPU
		{1F812670-C342-420E-907F-1A50518D6A43}.Debug|Any CPU.Build.0 = Debug|Any CPU
		{1F812670-C342-420E-907F-1A50518D6A43}.Debug|x64.ActiveCfg = Debug|x64
		{1F812670-C342-420E-907F-1A50518D6A43}.Debug|x64.Build.0 = Debug|x64
		{1F812670-C342-420E-907F-1A50518D6A43}.Debug|x86.ActiveCfg = Debug|Any CPU
		{1F812670-C342-420E-907F-1A50518D6A43}.Debug|x86.Build.0 = Debug|Any CPU
		{1F812670-C342-420E-907F-1A50518D6A43}.Release|Any CPU.ActiveCfg = Release|Any CPU
		{1F812670-C342-420E-907F-1A50518D6A43}.Release|Any CPU.Build.0 = Release|Any CPU
		{1F812670-C342-420E-907F-1A50518D6A43}.Release|x64.ActiveCfg = Release|x64
		{1F812670-C342-420E-907F-1A50518D6A43}.Release|x64.Build.0 = Release|x64
		{1F812670-C342-420E-907F-1A50518D6A43}.Release|x86.ActiveCfg = Release|Any CPU
		{1F812670-C342-420E-907F-1A50518D6A43}.Release|x86.Build.0 = Release|Any CPU
		{FAB89886-27C8-4EA7-972C-0E8050850A49}.Debug|Any CPU.ActiveCfg = Debug|Any CPU
		{FAB89886-27C8-4EA7-972C-0E8050850A49}.Debug|Any CPU.Build.0 = Debug|Any CPU
		{FAB89886-27C8-4EA7-972C-0E8050850A49}.Debug|x64.ActiveCfg = Debug|x64
		{FAB89886-27C8-4EA7-972C-0E8050850A49}.Debug|x64.Build.0 = Debug|x64
		{FAB89886-27C8-4EA7-972C-0E8050850A49}.Debug|x86.ActiveCfg = Debug|Any CPU
		{FAB89886-27C8-4EA7-972C-0E8050850A49}.Debug|x86.Build.0 = Debug|Any CPU
		{FAB89886-27C8-4EA7-972C-0E8050850A49}.Release|Any CPU.ActiveCfg = Release|Any CPU
		{FAB89886-27C8-4EA7-972C-0E8050850A49}.Release|Any CPU.Build.0 = Release|Any CPU
		{FAB89886-27C8-4EA7-972C-0E8050850A49}.Release|x64.ActiveCfg = Release|x64
		{FAB89886-27C8-4EA7-972C-0E8050850A49}.Release|x64.Build.0 = Release|x64
		{FAB89886-27C8-4EA7-972C-0E8050850A49}.Release|x86.ActiveCfg = Release|Any CPU
		{FAB89886-27C8-4EA7-972C-0E8050850A49}.Release|x86.Build.0 = Release|Any CPU
		{5923B668-A685-459D-B3B8-3B6ED44D592A}.Debug|Any CPU.ActiveCfg = Debug|Any CPU
		{5923B668-A685-459D-B3B8-3B6ED44D592A}.Debug|Any CPU.Build.0 = Debug|Any CPU
		{5923B668-A685-459D-B3B8-3B6ED44D592A}.Debug|x64.ActiveCfg = Debug|x64
		{5923B668-A685-459D-B3B8-3B6ED44D592A}.Debug|x64.Build.0 = Debug|x64
		{5923B668-A685-459D-B3B8-3B6ED44D592A}.Debug|x86.ActiveCfg = Debug|Any CPU
		{5923B668-A685-459D-B3B8-3B6ED44D592A}.Debug|x86.Build.0 = Debug|Any CPU
		{5923B668-A685-459D-B3B8-3B6ED44D592A}.Release|Any CPU.ActiveCfg = Release|Any CPU
		{5923B668-A685-459D-B3B8-3B6ED44D592A}.Release|Any CPU.Build.0 = Release|Any CPU
		{5923B668-A685-459D-B3B8-3B6ED44D592A}.Release|x64.ActiveCfg = Release|x64
		{5923B668-A685-459D-B3B8-3B6ED44D592A}.Release|x64.Build.0 = Release|x64
		{5923B668-A685-459D-B3B8-3B6ED44D592A}.Release|x86.ActiveCfg = Release|Any CPU
		{5923B668-A685-459D-B3B8-3B6ED44D592A}.Release|x86.Build.0 = Release|Any CPU
		{10796B5F-52A8-4F2D-AD5E-524092D7D2B3}.Debug|Any CPU.ActiveCfg = Debug
		{10796B5F-52A8-4F2D-AD5E-524092D7D2B3}.Debug|Any CPU.Build.0 = Debug
		{10796B5F-52A8-4F2D-AD5E-524092D7D2B3}.Debug|x64.ActiveCfg = Debug
		{10796B5F-52A8-4F2D-AD5E-524092D7D2B3}.Debug|x64.Build.0 = Debug
		{10796B5F-52A8-4F2D-AD5E-524092D7D2B3}.Debug|x86.ActiveCfg = Debug
		{10796B5F-52A8-4F2D-AD5E-524092D7D2B3}.Debug|x86.Build.0 = Debug
		{10796B5F-52A8-4F2D-AD5E-524092D7D2B3}.Release|Any CPU.ActiveCfg = Release
		{10796B5F-52A8-4F2D-AD5E-524092D7D2B3}.Release|Any CPU.Build.0 = Release
		{10796B5F-52A8-4F2D-AD5E-524092D7D2B3}.Release|x64.ActiveCfg = Release
		{10796B5F-52A8-4F2D-AD5E-524092D7D2B3}.Release|x64.Build.0 = Release
		{10796B5F-52A8-4F2D-AD5E-524092D7D2B3}.Release|x86.ActiveCfg = Release
		{10796B5F-52A8-4F2D-AD5E-524092D7D2B3}.Release|x86.Build.0 = Release
		{91E74A5D-274D-4D95-BE45-A00855D83445}.Debug|Any CPU.ActiveCfg = Debug
		{91E74A5D-274D-4D95-BE45-A00855D83445}.Debug|Any CPU.Build.0 = Debug
		{91E74A5D-274D-4D95-BE45-A00855D83445}.Debug|x64.ActiveCfg = Debug
		{91E74A5D-274D-4D95-BE45-A00855D83445}.Debug|x64.Build.0 = Debug
		{91E74A5D-274D-4D95-BE45-A00855D83445}.Debug|x86.ActiveCfg = Debug
		{91E74A5D-274D-4D95-BE45-A00855D83445}.Debug|x86.Build.0 = Debug
		{91E74A5D-274D-4D95-BE45-A00855D83445}.Release|Any CPU.ActiveCfg = Release
		{91E74A5D-274D-4D95-BE45-A00855D83445}.Release|Any CPU.Build.0 = Release
		{91E74A5D-274D-4D95-BE45-A00855D83445}.Release|x64.ActiveCfg = Release
		{91E74A5D-274D-4D95-BE45-A00855D83445}.Release|x64.Build.0 = Release
		{91E74A5D-274D-4D95-BE45-A00855D83445}.Release|x86.ActiveCfg = Release
		{91E74A5D-274D-4D95-BE45-A00855D83445}.Release|x86.Build.0 = Release
		{7F885DF2-0BBE-44D4-BF45-1E1FC1A709F1}.Debug|Any CPU.ActiveCfg = Debug|Any CPU
		{7F885DF2-0BBE-44D4-BF45-1E1FC1A709F1}.Debug|Any CPU.Build.0 = Debug|Any CPU
		{7F885DF2-0BBE-44D4-BF45-1E1FC1A709F1}.Debug|x64.ActiveCfg = Debug|x64
		{7F885DF2-0BBE-44D4-BF45-1E1FC1A709F1}.Debug|x64.Build.0 = Debug|x64
		{7F885DF2-0BBE-44D4-BF45-1E1FC1A709F1}.Debug|x86.ActiveCfg = Debug|Any CPU
		{7F885DF2-0BBE-44D4-BF45-1E1FC1A709F1}.Debug|x86.Build.0 = Debug|Any CPU
		{7F885DF2-0BBE-44D4-BF45-1E1FC1A709F1}.Release|Any CPU.ActiveCfg = Release|Any CPU
		{7F885DF2-0BBE-44D4-BF45-1E1FC1A709F1}.Release|Any CPU.Build.0 = Release|Any CPU
		{7F885DF2-0BBE-44D4-BF45-1E1FC1A709F1}.Release|x64.ActiveCfg = Release|x64
		{7F885DF2-0BBE-44D4-BF45-1E1FC1A709F1}.Release|x64.Build.0 = Release|x64
		{7F885DF2-0BBE-44D4-BF45-1E1FC1A709F1}.Release|x86.ActiveCfg = Release|Any CPU
		{7F885DF2-0BBE-44D4-BF45-1E1FC1A709F1}.Release|x86.Build.0 = Release|Any CPU
		{D5A665E6-7454-497D-A411-CEA7956342DE}.Debug|Any CPU.ActiveCfg = Debug|Any CPU
		{D5A665E6-7454-497D-A411-CEA7956342DE}.Debug|Any CPU.Build.0 = Debug|Any CPU
		{D5A665E6-7454-497D-A411-CEA7956342DE}.Debug|x64.ActiveCfg = Debug|x64
		{D5A665E6-7454-497D-A411-CEA7956342DE}.Debug|x64.Build.0 = Debug|x64
		{D5A665E6-7454-497D-A411-CEA7956342DE}.Debug|x86.ActiveCfg = Debug|Any CPU
		{D5A665E6-7454-497D-A411-CEA7956342DE}.Debug|x86.Build.0 = Debug|Any CPU
		{D5A665E6-7454-497D-A411-CEA7956342DE}.Release|Any CPU.ActiveCfg = Release|Any CPU
		{D5A665E6-7454-497D-A411-CEA7956342DE}.Release|Any CPU.Build.0 = Release|Any CPU
		{D5A665E6-7454-497D-A411-CEA7956342DE}.Release|x64.ActiveCfg = Release|x64
		{D5A665E6-7454-497D-A411-CEA7956342DE}.Release|x64.Build.0 = Release|x64
		{D5A665E6-7454-497D-A411-CEA7956342DE}.Release|x86.ActiveCfg = Release|Any CPU
		{D5A665E6-7454-497D-A411-CEA7956342DE}.Release|x86.Build.0 = Release|Any CPU
		{772D24E9-79B5-4A1E-8ECC-F0DB432C08F1}.Debug|Any CPU.ActiveCfg = Debug|Any CPU
		{772D24E9-79B5-4A1E-8ECC-F0DB432C08F1}.Debug|Any CPU.Build.0 = Debug|Any CPU
		{772D24E9-79B5-4A1E-8ECC-F0DB432C08F1}.Debug|x64.ActiveCfg = Debug|Any CPU
		{772D24E9-79B5-4A1E-8ECC-F0DB432C08F1}.Debug|x64.Build.0 = Debug|Any CPU
		{772D24E9-79B5-4A1E-8ECC-F0DB432C08F1}.Debug|x86.ActiveCfg = Debug|Any CPU
		{772D24E9-79B5-4A1E-8ECC-F0DB432C08F1}.Debug|x86.Build.0 = Debug|Any CPU
		{772D24E9-79B5-4A1E-8ECC-F0DB432C08F1}.Release|Any CPU.ActiveCfg = Release|Any CPU
		{772D24E9-79B5-4A1E-8ECC-F0DB432C08F1}.Release|Any CPU.Build.0 = Release|Any CPU
		{772D24E9-79B5-4A1E-8ECC-F0DB432C08F1}.Release|x64.ActiveCfg = Release|Any CPU
		{772D24E9-79B5-4A1E-8ECC-F0DB432C08F1}.Release|x64.Build.0 = Release|Any CPU
		{772D24E9-79B5-4A1E-8ECC-F0DB432C08F1}.Release|x86.ActiveCfg = Release|Any CPU
		{772D24E9-79B5-4A1E-8ECC-F0DB432C08F1}.Release|x86.Build.0 = Release|Any CPU
		{BBD60171-1785-4036-B0DF-D66C16E1E6E8}.Debug|Any CPU.ActiveCfg = Debug|Any CPU
		{BBD60171-1785-4036-B0DF-D66C16E1E6E8}.Debug|Any CPU.Build.0 = Debug|Any CPU
		{BBD60171-1785-4036-B0DF-D66C16E1E6E8}.Debug|x64.ActiveCfg = Debug|Any CPU
		{BBD60171-1785-4036-B0DF-D66C16E1E6E8}.Debug|x64.Build.0 = Debug|Any CPU
		{BBD60171-1785-4036-B0DF-D66C16E1E6E8}.Debug|x86.ActiveCfg = Debug|Any CPU
		{BBD60171-1785-4036-B0DF-D66C16E1E6E8}.Debug|x86.Build.0 = Debug|Any CPU
		{BBD60171-1785-4036-B0DF-D66C16E1E6E8}.Release|Any CPU.ActiveCfg = Release|Any CPU
		{BBD60171-1785-4036-B0DF-D66C16E1E6E8}.Release|Any CPU.Build.0 = Release|Any CPU
		{BBD60171-1785-4036-B0DF-D66C16E1E6E8}.Release|x64.ActiveCfg = Release|Any CPU
		{BBD60171-1785-4036-B0DF-D66C16E1E6E8}.Release|x64.Build.0 = Release|Any CPU
		{BBD60171-1785-4036-B0DF-D66C16E1E6E8}.Release|x86.ActiveCfg = Release|Any CPU
		{BBD60171-1785-4036-B0DF-D66C16E1E6E8}.Release|x86.Build.0 = Release|Any CPU
		{7E29551E-EDB1-4B48-A582-EBC95A3DC8CD}.Debug|Any CPU.ActiveCfg = Debug|Any CPU
		{7E29551E-EDB1-4B48-A582-EBC95A3DC8CD}.Debug|Any CPU.Build.0 = Debug|Any CPU
		{7E29551E-EDB1-4B48-A582-EBC95A3DC8CD}.Debug|x64.ActiveCfg = Debug|x64
		{7E29551E-EDB1-4B48-A582-EBC95A3DC8CD}.Debug|x64.Build.0 = Debug|x64
		{7E29551E-EDB1-4B48-A582-EBC95A3DC8CD}.Debug|x86.ActiveCfg = Debug|Any CPU
		{7E29551E-EDB1-4B48-A582-EBC95A3DC8CD}.Debug|x86.Build.0 = Debug|Any CPU
		{7E29551E-EDB1-4B48-A582-EBC95A3DC8CD}.Release|Any CPU.ActiveCfg = Release|Any CPU
		{7E29551E-EDB1-4B48-A582-EBC95A3DC8CD}.Release|Any CPU.Build.0 = Release|Any CPU
		{7E29551E-EDB1-4B48-A582-EBC95A3DC8CD}.Release|x64.ActiveCfg = Release|x64
		{7E29551E-EDB1-4B48-A582-EBC95A3DC8CD}.Release|x64.Build.0 = Release|x64
		{7E29551E-EDB1-4B48-A582-EBC95A3DC8CD}.Release|x86.ActiveCfg = Release|Any CPU
		{7E29551E-EDB1-4B48-A582-EBC95A3DC8CD}.Release|x86.Build.0 = Release|Any CPU
		{A1A1F4CA-44DC-440F-A7D2-905D87F9AEF7}.Debug|Any CPU.ActiveCfg = Debug|Any CPU
		{A1A1F4CA-44DC-440F-A7D2-905D87F9AEF7}.Debug|Any CPU.Build.0 = Debug|Any CPU
		{A1A1F4CA-44DC-440F-A7D2-905D87F9AEF7}.Debug|x64.ActiveCfg = Debug|x64
		{A1A1F4CA-44DC-440F-A7D2-905D87F9AEF7}.Debug|x64.Build.0 = Debug|x64
		{A1A1F4CA-44DC-440F-A7D2-905D87F9AEF7}.Debug|x86.ActiveCfg = Debug|Any CPU
		{A1A1F4CA-44DC-440F-A7D2-905D87F9AEF7}.Debug|x86.Build.0 = Debug|Any CPU
		{A1A1F4CA-44DC-440F-A7D2-905D87F9AEF7}.Release|Any CPU.ActiveCfg = Release|Any CPU
		{A1A1F4CA-44DC-440F-A7D2-905D87F9AEF7}.Release|Any CPU.Build.0 = Release|Any CPU
		{A1A1F4CA-44DC-440F-A7D2-905D87F9AEF7}.Release|x64.ActiveCfg = Release|x64
		{A1A1F4CA-44DC-440F-A7D2-905D87F9AEF7}.Release|x64.Build.0 = Release|x64
		{A1A1F4CA-44DC-440F-A7D2-905D87F9AEF7}.Release|x86.ActiveCfg = Release|Any CPU
		{A1A1F4CA-44DC-440F-A7D2-905D87F9AEF7}.Release|x86.Build.0 = Release|Any CPU
		{FEF8FD38-F364-40EB-9C63-1B49068341D1}.Debug|Any CPU.ActiveCfg = Debug|Any CPU
		{FEF8FD38-F364-40EB-9C63-1B49068341D1}.Debug|Any CPU.Build.0 = Debug|Any CPU
		{FEF8FD38-F364-40EB-9C63-1B49068341D1}.Debug|x64.ActiveCfg = Debug|x64
		{FEF8FD38-F364-40EB-9C63-1B49068341D1}.Debug|x64.Build.0 = Debug|x64
		{FEF8FD38-F364-40EB-9C63-1B49068341D1}.Debug|x86.ActiveCfg = Debug|Any CPU
		{FEF8FD38-F364-40EB-9C63-1B49068341D1}.Debug|x86.Build.0 = Debug|Any CPU
		{FEF8FD38-F364-40EB-9C63-1B49068341D1}.Release|Any CPU.ActiveCfg = Release|Any CPU
		{FEF8FD38-F364-40EB-9C63-1B49068341D1}.Release|Any CPU.Build.0 = Release|Any CPU
		{FEF8FD38-F364-40EB-9C63-1B49068341D1}.Release|x64.ActiveCfg = Release|x64
		{FEF8FD38-F364-40EB-9C63-1B49068341D1}.Release|x64.Build.0 = Release|x64
		{FEF8FD38-F364-40EB-9C63-1B49068341D1}.Release|x86.ActiveCfg = Release|Any CPU
		{FEF8FD38-F364-40EB-9C63-1B49068341D1}.Release|x86.Build.0 = Release|Any CPU
		{1BC6E621-FC37-4547-8D9C-03ED44490850}.Debug|Any CPU.ActiveCfg = Debug|Any CPU
		{1BC6E621-FC37-4547-8D9C-03ED44490850}.Debug|Any CPU.Build.0 = Debug|Any CPU
		{1BC6E621-FC37-4547-8D9C-03ED44490850}.Debug|x64.ActiveCfg = Debug|x64
		{1BC6E621-FC37-4547-8D9C-03ED44490850}.Debug|x64.Build.0 = Debug|x64
		{1BC6E621-FC37-4547-8D9C-03ED44490850}.Debug|x86.ActiveCfg = Debug|Any CPU
		{1BC6E621-FC37-4547-8D9C-03ED44490850}.Debug|x86.Build.0 = Debug|Any CPU
		{1BC6E621-FC37-4547-8D9C-03ED44490850}.Release|Any CPU.ActiveCfg = Release|Any CPU
		{1BC6E621-FC37-4547-8D9C-03ED44490850}.Release|Any CPU.Build.0 = Release|Any CPU
		{1BC6E621-FC37-4547-8D9C-03ED44490850}.Release|x64.ActiveCfg = Release|x64
		{1BC6E621-FC37-4547-8D9C-03ED44490850}.Release|x64.Build.0 = Release|x64
		{1BC6E621-FC37-4547-8D9C-03ED44490850}.Release|x86.ActiveCfg = Release|Any CPU
		{1BC6E621-FC37-4547-8D9C-03ED44490850}.Release|x86.Build.0 = Release|Any CPU
		{CBB0FFF5-5A38-435E-8741-58A516600A1C}.Debug|Any CPU.ActiveCfg = Debug|Any CPU
		{CBB0FFF5-5A38-435E-8741-58A516600A1C}.Debug|Any CPU.Build.0 = Debug|Any CPU
		{CBB0FFF5-5A38-435E-8741-58A516600A1C}.Debug|x64.ActiveCfg = Debug|x64
		{CBB0FFF5-5A38-435E-8741-58A516600A1C}.Debug|x64.Build.0 = Debug|x64
		{CBB0FFF5-5A38-435E-8741-58A516600A1C}.Debug|x86.ActiveCfg = Debug|Any CPU
		{CBB0FFF5-5A38-435E-8741-58A516600A1C}.Debug|x86.Build.0 = Debug|Any CPU
		{CBB0FFF5-5A38-435E-8741-58A516600A1C}.Release|Any CPU.ActiveCfg = Release|Any CPU
		{CBB0FFF5-5A38-435E-8741-58A516600A1C}.Release|Any CPU.Build.0 = Release|Any CPU
		{CBB0FFF5-5A38-435E-8741-58A516600A1C}.Release|x64.ActiveCfg = Release|x64
		{CBB0FFF5-5A38-435E-8741-58A516600A1C}.Release|x64.Build.0 = Release|x64
		{CBB0FFF5-5A38-435E-8741-58A516600A1C}.Release|x86.ActiveCfg = Release|Any CPU
		{CBB0FFF5-5A38-435E-8741-58A516600A1C}.Release|x86.Build.0 = Release|Any CPU
		{746D67C2-22D8-4798-9356-7056FAC1C293}.Debug|Any CPU.ActiveCfg = Debug|Any CPU
		{746D67C2-22D8-4798-9356-7056FAC1C293}.Debug|Any CPU.Build.0 = Debug|Any CPU
		{746D67C2-22D8-4798-9356-7056FAC1C293}.Debug|x64.ActiveCfg = Debug|x64
		{746D67C2-22D8-4798-9356-7056FAC1C293}.Debug|x64.Build.0 = Debug|x64
		{746D67C2-22D8-4798-9356-7056FAC1C293}.Debug|x86.ActiveCfg = Debug|Any CPU
		{746D67C2-22D8-4798-9356-7056FAC1C293}.Debug|x86.Build.0 = Debug|Any CPU
		{746D67C2-22D8-4798-9356-7056FAC1C293}.Release|Any CPU.ActiveCfg = Release|Any CPU
		{746D67C2-22D8-4798-9356-7056FAC1C293}.Release|Any CPU.Build.0 = Release|Any CPU
		{746D67C2-22D8-4798-9356-7056FAC1C293}.Release|x64.ActiveCfg = Release|x64
		{746D67C2-22D8-4798-9356-7056FAC1C293}.Release|x64.Build.0 = Release|x64
		{746D67C2-22D8-4798-9356-7056FAC1C293}.Release|x86.ActiveCfg = Release|Any CPU
		{746D67C2-22D8-4798-9356-7056FAC1C293}.Release|x86.Build.0 = Release|Any CPU
		{1D556EE7-52E7-4850-8226-0393DAC99976}.Debug|Any CPU.ActiveCfg = Debug|Any CPU
		{1D556EE7-52E7-4850-8226-0393DAC99976}.Debug|Any CPU.Build.0 = Debug|Any CPU
		{1D556EE7-52E7-4850-8226-0393DAC99976}.Debug|x64.ActiveCfg = Debug|x64
		{1D556EE7-52E7-4850-8226-0393DAC99976}.Debug|x64.Build.0 = Debug|x64
		{1D556EE7-52E7-4850-8226-0393DAC99976}.Debug|x86.ActiveCfg = Debug|Any CPU
		{1D556EE7-52E7-4850-8226-0393DAC99976}.Debug|x86.Build.0 = Debug|Any CPU
		{1D556EE7-52E7-4850-8226-0393DAC99976}.Release|Any CPU.ActiveCfg = Release|Any CPU
		{1D556EE7-52E7-4850-8226-0393DAC99976}.Release|Any CPU.Build.0 = Release|Any CPU
		{1D556EE7-52E7-4850-8226-0393DAC99976}.Release|x64.ActiveCfg = Release|x64
		{1D556EE7-52E7-4850-8226-0393DAC99976}.Release|x64.Build.0 = Release|x64
		{1D556EE7-52E7-4850-8226-0393DAC99976}.Release|x86.ActiveCfg = Release|Any CPU
		{1D556EE7-52E7-4850-8226-0393DAC99976}.Release|x86.Build.0 = Release|Any CPU
		{B960B48B-52F8-4557-B9EC-F3D4C67106D9}.Debug|Any CPU.ActiveCfg = Debug|Any CPU
		{B960B48B-52F8-4557-B9EC-F3D4C67106D9}.Debug|Any CPU.Build.0 = Debug|Any CPU
		{B960B48B-52F8-4557-B9EC-F3D4C67106D9}.Debug|x64.ActiveCfg = Debug|x64
		{B960B48B-52F8-4557-B9EC-F3D4C67106D9}.Debug|x64.Build.0 = Debug|x64
		{B960B48B-52F8-4557-B9EC-F3D4C67106D9}.Debug|x86.ActiveCfg = Debug|Any CPU
		{B960B48B-52F8-4557-B9EC-F3D4C67106D9}.Debug|x86.Build.0 = Debug|Any CPU
		{B960B48B-52F8-4557-B9EC-F3D4C67106D9}.Release|Any CPU.ActiveCfg = Release|Any CPU
		{B960B48B-52F8-4557-B9EC-F3D4C67106D9}.Release|Any CPU.Build.0 = Release|Any CPU
		{B960B48B-52F8-4557-B9EC-F3D4C67106D9}.Release|x64.ActiveCfg = Release|x64
		{B960B48B-52F8-4557-B9EC-F3D4C67106D9}.Release|x64.Build.0 = Release|x64
		{B960B48B-52F8-4557-B9EC-F3D4C67106D9}.Release|x86.ActiveCfg = Release|Any CPU
		{B960B48B-52F8-4557-B9EC-F3D4C67106D9}.Release|x86.Build.0 = Release|Any CPU
	EndGlobalSection
	GlobalSection(SolutionProperties) = preSolution
		HideSolutionNode = FALSE
	EndGlobalSection
	GlobalSection(NestedProjects) = preSolution
		{875B3719-44C6-49C0-979B-04C3E62B77CE} = {7BC84CD5-7B85-4EB7-9AF1-FBDFCC202032}
		{F937B28E-7528-4A7B-9A81-3F9C824FAFB6} = {7BC84CD5-7B85-4EB7-9AF1-FBDFCC202032}
		{860D1F6C-91A0-4052-BADF-E3DCCE50068F} = {7BC84CD5-7B85-4EB7-9AF1-FBDFCC202032}
		{0B040E66-5520-4084-91B2-32FD8FE02ED4} = {7BC84CD5-7B85-4EB7-9AF1-FBDFCC202032}
		{2CF87B26-905A-44DC-93F4-C355DC5FBF10} = {7BC84CD5-7B85-4EB7-9AF1-FBDFCC202032}
		{3BAEC9A5-8B04-40A2-AF04-8CC30D31E4A6} = {7BC84CD5-7B85-4EB7-9AF1-FBDFCC202032}
		{236CA088-BAEB-4C9B-966F-F57C5CC236E3} = {7BC84CD5-7B85-4EB7-9AF1-FBDFCC202032}
		{AE1CB95C-A5AE-498F-855E-840CD4960CC0} = {7BC84CD5-7B85-4EB7-9AF1-FBDFCC202032}
		{A4CBD12B-D997-48BB-B287-5D61D2696F44} = {7BC84CD5-7B85-4EB7-9AF1-FBDFCC202032}
		{0F9F65AB-92D3-43AB-9F4B-AFF1F7A7BA2C} = {7BC84CD5-7B85-4EB7-9AF1-FBDFCC202032}
		{1F812670-C342-420E-907F-1A50518D6A43} = {7BC84CD5-7B85-4EB7-9AF1-FBDFCC202032}
		{FAB89886-27C8-4EA7-972C-0E8050850A49} = {7BC84CD5-7B85-4EB7-9AF1-FBDFCC202032}
		{5923B668-A685-459D-B3B8-3B6ED44D592A} = {7BC84CD5-7B85-4EB7-9AF1-FBDFCC202032}
		{7F885DF2-0BBE-44D4-BF45-1E1FC1A709F1} = {7BC84CD5-7B85-4EB7-9AF1-FBDFCC202032}
		{D5A665E6-7454-497D-A411-CEA7956342DE} = {7BC84CD5-7B85-4EB7-9AF1-FBDFCC202032}
		{772D24E9-79B5-4A1E-8ECC-F0DB432C08F1} = {74ABBE25-B0E2-4075-95FF-B0CD1BE43978}
		{BBD60171-1785-4036-B0DF-D66C16E1E6E8} = {74ABBE25-B0E2-4075-95FF-B0CD1BE43978}
		{7E29551E-EDB1-4B48-A582-EBC95A3DC8CD} = {74ABBE25-B0E2-4075-95FF-B0CD1BE43978}
		{A1A1F4CA-44DC-440F-A7D2-905D87F9AEF7} = {74ABBE25-B0E2-4075-95FF-B0CD1BE43978}
		{FEF8FD38-F364-40EB-9C63-1B49068341D1} = {74ABBE25-B0E2-4075-95FF-B0CD1BE43978}
		{1BC6E621-FC37-4547-8D9C-03ED44490850} = {74ABBE25-B0E2-4075-95FF-B0CD1BE43978}
		{CBB0FFF5-5A38-435E-8741-58A516600A1C} = {74ABBE25-B0E2-4075-95FF-B0CD1BE43978}
		{746D67C2-22D8-4798-9356-7056FAC1C293} = {74ABBE25-B0E2-4075-95FF-B0CD1BE43978}
		{1D556EE7-52E7-4850-8226-0393DAC99976} = {74ABBE25-B0E2-4075-95FF-B0CD1BE43978}
	EndGlobalSection
	GlobalSection(ExtensibilityGlobals) = postSolution
		SolutionGuid = {664725FC-A9E2-4130-AA07-DCEA45B3CC42}
	EndGlobalSection
EndGlobal
